
Microsoft Visual Studio Solution File, Format Version 12.00
# Visual Studio 2013
VisualStudioVersion = 12.0.31101.0
MinimumVisualStudioVersion = 10.0.40219.1
Project("{930C7802-8A8C-48F9-8165-68863BCCD9DD}") = "Sample.Setup", "Sample.Setup\Sample.Setup.wixproj", "{2F4F6E6B-0255-492D-A335-E24774DC3B6F}"
EndProject
Project("{FAE04EC0-301F-11D3-BF4B-00C04F79EFBC}") = "Sample.TestApp", "Sample.TestApp\Sample.TestApp.csproj", "{898087CC-5AF4-4B8F-A084-4E1F416ABABB}"
EndProject
Project("{2150E333-8FDC-42A3-9474-1A3956D46DE8}") = ".nuget", ".nuget", "{9FE97A0E-F99D-4B75-92D0-536B09F676F2}"
	ProjectSection(SolutionItems) = preProject
		.nuget\packages.config = .nuget\packages.config
	EndProjectSection
EndProject
Global
	GlobalSection(SolutionConfigurationPlatforms) = preSolution
		Debug|Any CPU = Debug|Any CPU
		Debug|Mixed Platforms = Debug|Mixed Platforms
		Debug|x86 = Debug|x86
		Release|Any CPU = Release|Any CPU
		Release|Mixed Platforms = Release|Mixed Platforms
		Release|x86 = Release|x86
	EndGlobalSection
	GlobalSection(ProjectConfigurationPlatforms) = postSolution
		{2F4F6E6B-0255-492D-A335-E24774DC3B6F}.Debug|Any CPU.ActiveCfg = Debug|x86
		{2F4F6E6B-0255-492D-A335-E24774DC3B6F}.Debug|Mixed Platforms.ActiveCfg = Debug|x86
		{2F4F6E6B-0255-492D-A335-E24774DC3B6F}.Debug|Mixed Platforms.Build.0 = Debug|x86
		{2F4F6E6B-0255-492D-A335-E24774DC3B6F}.Debug|x86.ActiveCfg = Debug|x86
		{2F4F6E6B-0255-492D-A335-E24774DC3B6F}.Debug|x86.Build.0 = Debug|x86
		{2F4F6E6B-0255-492D-A335-E24774DC3B6F}.Release|Any CPU.ActiveCfg = Release|x86
		{2F4F6E6B-0255-492D-A335-E24774DC3B6F}.Release|Mixed Platforms.ActiveCfg = Release|x86
		{2F4F6E6B-0255-492D-A335-E24774DC3B6F}.Release|Mixed Platforms.Build.0 = Release|x86
		{2F4F6E6B-0255-492D-A335-E24774DC3B6F}.Release|x86.ActiveCfg = Release|x86
		{2F4F6E6B-0255-492D-A335-E24774DC3B6F}.Release|x86.Build.0 = Release|x86
		{898087CC-5AF4-4B8F-A084-4E1F416ABABB}.Debug|Any CPU.ActiveCfg = Debug|Any CPU
		{898087CC-5AF4-4B8F-A084-4E1F416ABABB}.Debug|Any CPU.Build.0 = Debug|Any CPU
		{898087CC-5AF4-4B8F-A084-4E1F416ABABB}.Debug|Mixed Platforms.ActiveCfg = Debug|Any CPU
		{898087CC-5AF4-4B8F-A084-4E1F416ABABB}.Debug|Mixed Platforms.Build.0 = Debug|Any CPU
		{898087CC-5AF4-4B8F-A084-4E1F416ABABB}.Debug|x86.ActiveCfg = Debug|Any CPU
		{898087CC-5AF4-4B8F-A084-4E1F416ABABB}.Release|Any CPU.ActiveCfg = Release|Any CPU
		{898087CC-5AF4-4B8F-A084-4E1F416ABABB}.Release|Any CPU.Build.0 = Release|Any CPU
		{898087CC-5AF4-4B8F-A084-4E1F416ABABB}.Release|Mixed Platforms.ActiveCfg = Release|Any CPU
		{898087CC-5AF4-4B8F-A084-4E1F416ABABB}.Release|Mixed Platforms.Build.0 = Release|Any CPU
		{898087CC-5AF4-4B8F-A084-4E1F416ABABB}.Release|x86.ActiveCfg = Release|Any CPU
	EndGlobalSection
	GlobalSection(SolutionProperties) = preSolution
		HideSolutionNode = FALSE
	EndGlobalSection
EndGlobal
